
Microsoft Visual Studio Solution File, Format Version 12.00
# Visual Studio Version 16
VisualStudioVersion = 16.0.31321.278
MinimumVisualStudioVersion = 10.0.40219.1
Project("{9A19103F-16F7-4668-BE54-9A1E7A4F7556}") = "LinqCore", "LinqCore\LinqCore.csproj", "{303DFEF0-CDB3-498F-90AE-684C008E82D4}"
EndProject
Project("{FAE04EC0-301F-11D3-BF4B-00C04F79EFBC}") = "LinqFramework", "LinqFramework\LinqFramework.csproj", "{DAC18FEC-63A3-4389-892D-505B055D1C61}"
EndProject
Project("{FAE04EC0-301F-11D3-BF4B-00C04F79EFBC}") = "LinqNET", "LinqNET\LinqNET.csproj", "{E9CD432C-D95F-487B-82DD-D2F0F51449EF}"
EndProject
Global
	GlobalSection(SolutionConfigurationPlatforms) = preSolution
		Debug|Any CPU = Debug|Any CPU
		Release|Any CPU = Release|Any CPU
	EndGlobalSection
	GlobalSection(ProjectConfigurationPlatforms) = postSolution
		{303DFEF0-CDB3-498F-90AE-684C008E82D4}.Debug|Any CPU.ActiveCfg = Debug|Any CPU
		{303DFEF0-CDB3-498F-90AE-684C008E82D4}.Debug|Any CPU.Build.0 = Debug|Any CPU
		{303DFEF0-CDB3-498F-90AE-684C008E82D4}.Release|Any CPU.ActiveCfg = Release|Any CPU
		{303DFEF0-CDB3-498F-90AE-684C008E82D4}.Release|Any CPU.Build.0 = Release|Any CPU
		{DAC18FEC-63A3-4389-892D-505B055D1C61}.Debug|Any CPU.ActiveCfg = Debug|Any CPU
		{DAC18FEC-63A3-4389-892D-505B055D1C61}.Debug|Any CPU.Build.0 = Debug|Any CPU
		{DAC18FEC-63A3-4389-892D-505B055D1C61}.Release|Any CPU.ActiveCfg = Release|Any CPU
		{DAC18FEC-63A3-4389-892D-505B055D1C61}.Release|Any CPU.Build.0 = Release|Any CPU
		{E9CD432C-D95F-487B-82DD-D2F0F51449EF}.Debug|Any CPU.ActiveCfg = Debug|Any CPU
		{E9CD432C-D95F-487B-82DD-D2F0F51449EF}.Debug|Any CPU.Build.0 = Debug|Any CPU
		{E9CD432C-D95F-487B-82DD-D2F0F51449EF}.Release|Any CPU.ActiveCfg = Release|Any CPU
		{E9CD432C-D95F-487B-82DD-D2F0F51449EF}.Release|Any CPU.Build.0 = Release|Any CPU
	EndGlobalSection
	GlobalSection(SolutionProperties) = preSolution
		HideSolutionNode = FALSE
	EndGlobalSection
	GlobalSection(ExtensibilityGlobals) = postSolution
		SolutionGuid = {237FC7D2-9128-4B54-88C6-D8CB4A37B3D7}
	EndGlobalSection
EndGlobal
